
Microsoft Visual Studio Solution File, Format Version 12.00
# Visual Studio Version 16
VisualStudioVersion = 16.0.29409.12
MinimumVisualStudioVersion = 10.0.40219.1
Project("{FAE04EC0-301F-11D3-BF4B-00C04F79EFBC}") = "StarWar", "StarWar\StarWar.csproj", "{A47EC1CD-F770-4439-ACFB-B79A930D27D3}"
EndProject
Project("{FAE04EC0-301F-11D3-BF4B-00C04F79EFBC}") = "DZ", "DZ\DZ.csproj", "{44008888-20C5-4727-A206-A75699271972}"
	ProjectSection(ProjectDependencies) = postProject
		{BA35D13C-7112-4CCE-8D06-1360CBB9859A} = {BA35D13C-7112-4CCE-8D06-1360CBB9859A}
		{4A19A5A1-079E-4B28-BD9B-056A3177F632} = {4A19A5A1-079E-4B28-BD9B-056A3177F632}
		{A47EC1CD-F770-4439-ACFB-B79A930D27D3} = {A47EC1CD-F770-4439-ACFB-B79A930D27D3}
	EndProjectSection
EndProject
Project("{FAE04EC0-301F-11D3-BF4B-00C04F79EFBC}") = "DZ2", "DZ2\DZ2.csproj", "{4A19A5A1-079E-4B28-BD9B-056A3177F632}"
EndProject
Project("{FAE04EC0-301F-11D3-BF4B-00C04F79EFBC}") = "DZ3", "DZ3\DZ3.csproj", "{BA35D13C-7112-4CCE-8D06-1360CBB9859A}"
EndProject
Project("{FAE04EC0-301F-11D3-BF4B-00C04F79EFBC}") = "DZ4", "DZ4\DZ4.csproj", "{EBF95785-82F1-483B-9CD2-F10211BA6A90}"
EndProject
Global
	GlobalSection(SolutionConfigurationPlatforms) = preSolution
		Debug|Any CPU = Debug|Any CPU
		Release|Any CPU = Release|Any CPU
	EndGlobalSection
	GlobalSection(ProjectConfigurationPlatforms) = postSolution
		{A47EC1CD-F770-4439-ACFB-B79A930D27D3}.Debug|Any CPU.ActiveCfg = Debug|Any CPU
		{A47EC1CD-F770-4439-ACFB-B79A930D27D3}.Debug|Any CPU.Build.0 = Debug|Any CPU
		{A47EC1CD-F770-4439-ACFB-B79A930D27D3}.Release|Any CPU.ActiveCfg = Release|Any CPU
		{A47EC1CD-F770-4439-ACFB-B79A930D27D3}.Release|Any CPU.Build.0 = Release|Any CPU
		{44008888-20C5-4727-A206-A75699271972}.Debug|Any CPU.ActiveCfg = Debug|Any CPU
		{44008888-20C5-4727-A206-A75699271972}.Debug|Any CPU.Build.0 = Debug|Any CPU
		{44008888-20C5-4727-A206-A75699271972}.Release|Any CPU.ActiveCfg = Release|Any CPU
		{44008888-20C5-4727-A206-A75699271972}.Release|Any CPU.Build.0 = Release|Any CPU
		{4A19A5A1-079E-4B28-BD9B-056A3177F632}.Debug|Any CPU.ActiveCfg = Debug|Any CPU
		{4A19A5A1-079E-4B28-BD9B-056A3177F632}.Debug|Any CPU.Build.0 = Debug|Any CPU
		{4A19A5A1-079E-4B28-BD9B-056A3177F632}.Release|Any CPU.ActiveCfg = Release|Any CPU
		{4A19A5A1-079E-4B28-BD9B-056A3177F632}.Release|Any CPU.Build.0 = Release|Any CPU
		{BA35D13C-7112-4CCE-8D06-1360CBB9859A}.Debug|Any CPU.ActiveCfg = Debug|Any CPU
		{BA35D13C-7112-4CCE-8D06-1360CBB9859A}.Debug|Any CPU.Build.0 = Debug|Any CPU
		{BA35D13C-7112-4CCE-8D06-1360CBB9859A}.Release|Any CPU.ActiveCfg = Release|Any CPU
		{BA35D13C-7112-4CCE-8D06-1360CBB9859A}.Release|Any CPU.Build.0 = Release|Any CPU
		{EBF95785-82F1-483B-9CD2-F10211BA6A90}.Debug|Any CPU.ActiveCfg = Debug|Any CPU
		{EBF95785-82F1-483B-9CD2-F10211BA6A90}.Debug|Any CPU.Build.0 = Debug|Any CPU
		{EBF95785-82F1-483B-9CD2-F10211BA6A90}.Release|Any CPU.ActiveCfg = Release|Any CPU
		{EBF95785-82F1-483B-9CD2-F10211BA6A90}.Release|Any CPU.Build.0 = Release|Any CPU
	EndGlobalSection
	GlobalSection(SolutionProperties) = preSolution
		HideSolutionNode = FALSE
	EndGlobalSection
	GlobalSection(ExtensibilityGlobals) = postSolution
		SolutionGuid = {B0A6D141-8D32-44D7-85BA-15E652ADBDA1}
	EndGlobalSection
EndGlobal
